// !$*UTF8*$!
{
	archiveVersion = 1;
	classes = {
	};
	objectVersion = 50;
	objects = {

/* Begin PBXBuildFile section */
		EC639E672612EDA300B9CD57 /* FlagGeneratorApp.swift in Sources */ = {isa = PBXBuildFile; fileRef = EC639E662612EDA300B9CD57 /* FlagGeneratorApp.swift */; };
		EC639E692612EDA300B9CD57 /* ContentView.swift in Sources */ = {isa = PBXBuildFile; fileRef = EC639E682612EDA300B9CD57 /* ContentView.swift */; };
		EC639E6B2612EDA600B9CD57 /* Assets.xcassets in Resources */ = {isa = PBXBuildFile; fileRef = EC639E6A2612EDA600B9CD57 /* Assets.xcassets */; };
		EC639E6E2612EDA600B9CD57 /* Preview Assets.xcassets in Resources */ = {isa = PBXBuildFile; fileRef = EC639E6D2612EDA600B9CD57 /* Preview Assets.xcassets */; };
		EC639E7B261307F200B9CD57 /* Subviews.swift in Sources */ = {isa = PBXBuildFile; fileRef = EC639E7A261307F200B9CD57 /* Subviews.swift */; };
/* End PBXBuildFile section */

/* Begin PBXFileReference section */
		EC639E632612EDA300B9CD57 /* FlagGenerator.app */ = {isa = PBXFileReference; explicitFileType = wrapper.application; includeInIndex = 0; path = FlagGenerator.app; sourceTree = BUILT_PRODUCTS_DIR; };
		EC639E662612EDA300B9CD57 /* FlagGeneratorApp.swift */ = {isa = PBXFileReference; lastKnownFileType = sourcecode.swift; path = FlagGeneratorApp.swift; sourceTree = "<group>"; };
		EC639E682612EDA300B9CD57 /* ContentView.swift */ = {isa = PBXFileReference; lastKnownFileType = sourcecode.swift; path = ContentView.swift; sourceTree = "<group>"; };
		EC639E6A2612EDA600B9CD57 /* Assets.xcassets */ = {isa = PBXFileReference; lastKnownFileType = folder.assetcatalog; path = Assets.xcassets; sourceTree = "<group>"; };
		EC639E6D2612EDA600B9CD57 /* Preview Assets.xcassets */ = {isa = PBXFileReference; lastKnownFileType = folder.assetcatalog; path = "Preview Assets.xcassets"; sourceTree = "<group>"; };
		EC639E6F2612EDA600B9CD57 /* Info.plist */ = {isa = PBXFileReference; lastKnownFileType = text.plist.xml; path = Info.plist; sourceTree = "<group>"; };
		EC639E7A261307F200B9CD57 /* Subviews.swift */ = {isa = PBXFileReference; lastKnownFileType = sourcecode.swift; path = Subviews.swift; sourceTree = "<group>"; };
/* End PBXFileReference section */

/* Begin PBXFrameworksBuildPhase section */
		EC639E602612EDA300B9CD57 /* Frameworks */ = {
			isa = PBXFrameworksBuildPhase;
			buildActionMask = 2147483647;
			files = (
			);
			runOnlyForDeploymentPostprocessing = 0;
		};
/* End PBXFrameworksBuildPhase section */

/* Begin PBXGroup section */
		EC639E5A2612EDA300B9CD57 = {
			isa = PBXGroup;
			children = (
				EC639E652612EDA300B9CD57 /* FlagGenerator */,
				EC639E642612EDA300B9CD57 /* Products */,
			);
			sourceTree = "<group>";
		};
		EC639E642612EDA300B9CD57 /* Products */ = {
			isa = PBXGroup;
			children = (
				EC639E632612EDA300B9CD57 /* FlagGenerator.app */,
			);
			name = Products;
			sourceTree = "<group>";
		};
		EC639E652612EDA300B9CD57 /* FlagGenerator */ = {
			isa = PBXGroup;
			children = (
				EC639E662612EDA300B9CD57 /* FlagGeneratorApp.swift */,
				EC639E682612EDA300B9CD57 /* ContentView.swift */,
				EC639E7A261307F200B9CD57 /* Subviews.swift */,
				EC639E6A2612EDA600B9CD57 /* Assets.xcassets */,
				EC639E6F2612EDA600B9CD57 /* Info.plist */,
				EC639E6C2612EDA600B9CD57 /* Preview Content */,
			);
			path = FlagGenerator;
			sourceTree = "<group>";
		};
		EC639E6C2612EDA600B9CD57 /* Preview Content */ = {
			isa = PBXGroup;
			children = (
				EC639E6D2612EDA600B9CD57 /* Preview Assets.xcassets */,
			);
			path = "Preview Content";
			sourceTree = "<group>";
		};
/* End PBXGroup section */

/* Begin PBXNativeTarget section */
		EC639E622612EDA300B9CD57 /* FlagGenerator */ = {
			isa = PBXNativeTarget;
			buildConfigurationList = EC639E722612EDA600B9CD57 /* Build configuration list for PBXNativeTarget "FlagGenerator" */;
			buildPhases = (
				EC639E5F2612EDA300B9CD57 /* Sources */,
				EC639E602612EDA300B9CD57 /* Frameworks */,
				EC639E612612EDA300B9CD57 /* Resources */,
			);
			buildRules = (
			);
			dependencies = (
			);
			name = FlagGenerator;
			productName = FlagGenerator;
			productReference = EC639E632612EDA300B9CD57 /* FlagGenerator.app */;
			productType = "com.apple.product-type.application";
		};
/* End PBXNativeTarget section */

/* Begin PBXProject section */
		EC639E5B2612EDA300B9CD57 /* Project object */ = {
			isa = PBXProject;
			attributes = {
				LastSwiftUpdateCheck = 1240;
				LastUpgradeCheck = 1240;
				TargetAttributes = {
					EC639E622612EDA300B9CD57 = {
						CreatedOnToolsVersion = 12.4;
					};
				};
			};
			buildConfigurationList = EC639E5E2612EDA300B9CD57 /* Build configuration list for PBXProject "FlagGenerator" */;
			compatibilityVersion = "Xcode 9.3";
			developmentRegion = en;
			hasScannedForEncodings = 0;
			knownRegions = (
				en,
				Base,
			);
			mainGroup = EC639E5A2612EDA300B9CD57;
			productRefGroup = EC639E642612EDA300B9CD57 /* Products */;
			projectDirPath = "";
			projectRoot = "";
			targets = (
				EC639E622612EDA300B9CD57 /* FlagGenerator */,
			);
		};
/* End PBXProject section */

/* Begin PBXResourcesBuildPhase section */
		EC639E612612EDA300B9CD57 /* Resources */ = {
			isa = PBXResourcesBuildPhase;
			buildActionMask = 2147483647;
			files = (
				EC639E6E2612EDA600B9CD57 /* Preview Assets.xcassets in Resources */,
				EC639E6B2612EDA600B9CD57 /* Assets.xcassets in Resources */,
			);
			runOnlyForDeploymentPostprocessing = 0;
		};
/* End PBXResourcesBuildPhase section */

/* Begin PBXSourcesBuildPhase section */
		EC639E5F2612EDA300B9CD57 /* Sources */ = {
			isa = PBXSourcesBuildPhase;
			buildActionMask = 2147483647;
			files = (
				EC639E7B261307F200B9CD57 /* Subviews.swift in Sources */,
				EC639E692612EDA300B9CD57 /* ContentView.swift in Sources */,
				EC639E672612EDA300B9CD57 /* FlagGeneratorApp.swift in Sources */,
			);
			runOnlyForDeploymentPostprocessing = 0;
		};
/* End PBXSourcesBuildPhase section */

/* Begin XCBuildConfiguration section */
		EC639E702612EDA600B9CD57 /* Debug */ = {
			isa = XCBuildConfiguration;
			buildSettings = {
				ALWAYS_SEARCH_USER_PATHS = NO;
				CLANG_ANALYZER_NONNULL = YES;
				CLANG_ANALYZER_NUMBER_OBJECT_CONVERSION = YES_AGGRESSIVE;
				CLANG_CXX_LANGUAGE_STANDARD = "gnu++14";
				CLANG_CXX_LIBRARY = "libc++";
				CLANG_ENABLE_MODULES = YES;
				CLANG_ENABLE_OBJC_ARC = YES;
				CLANG_ENABLE_OBJC_WEAK = YES;
				CLANG_WARN_BLOCK_CAPTURE_AUTORELEASING = YES;
				CLANG_WARN_BOOL_CONVERSION = YES;
				CLANG_WARN_COMMA = YES;
				CLANG_WARN_CONSTANT_CONVERSION = YES;
				CLANG_WARN_DEPRECATED_OBJC_IMPLEMENTATIONS = YES;
				CLANG_WARN_DIRECT_OBJC_ISA_USAGE = YES_ERROR;
				CLANG_WARN_DOCUMENTATION_COMMENTS = YES;
				CLANG_WARN_EMPTY_BODY = YES;
				CLANG_WARN_ENUM_CONVERSION = YES;
				CLANG_WARN_INFINITE_RECURSION = YES;
				CLANG_WARN_INT_CONVERSION = YES;
				CLANG_WARN_NON_LITERAL_NULL_CONVERSION = YES;
				CLANG_WARN_OBJC_IMPLICIT_RETAIN_SELF = YES;
				CLANG_WARN_OBJC_LITERAL_CONVERSION = YES;
				CLANG_WARN_OBJC_ROOT_CLASS = YES_ERROR;
				CLANG_WARN_QUOTED_INCLUDE_IN_FRAMEWORK_HEADER = YES;
				CLANG_WARN_RANGE_LOOP_ANALYSIS = YES;
				CLANG_WARN_STRICT_PROTOTYPES = YES;
				CLANG_WARN_SUSPICIOUS_MOVE = YES;
				CLANG_WARN_UNGUARDED_AVAILABILITY = YES_AGGRESSIVE;
				CLANG_WARN_UNREACHABLE_CODE = YES;
				CLANG_WARN__DUPLICATE_METHOD_MATCH = YES;
				COPY_PHASE_STRIP = NO;
				DEBUG_INFORMATION_FORMAT = dwarf;
				ENABLE_STRICT_OBJC_MSGSEND = YES;
				ENABLE_TESTABILITY = YES;
				GCC_C_LANGUAGE_STANDARD = gnu11;
				GCC_DYNAMIC_NO_PIC = NO;
				GCC_NO_COMMON_BLOCKS = YES;
				GCC_OPTIMIZATION_LEVEL = 0;
				GCC_PREPROCESSOR_DEFINITIONS = (
					"DEBUG=1",
					"$(inherited)",
				);
				GCC_WARN_64_TO_32_BIT_CONVERSION = YES;
				GCC_WARN_ABOUT_RETURN_TYPE = YES_ERROR;
				GCC_WARN_UNDECLARED_SELECTOR = YES;
				GCC_WARN_UNINITIALIZED_AUTOS = YES_AGGRESSIVE;
				GCC_WARN_UNUSED_FUNCTION = YES;
				GCC_WARN_UNUSED_VARIABLE = YES;
				IPHONEOS_DEPLOYMENT_TARGET = 14.4;
				MTL_ENABLE_DEBUG_INFO = INCLUDE_SOURCE;
				MTL_FAST_MATH = YES;
				ONLY_ACTIVE_ARCH = YES;
				SDKROOT = iphoneos;
				SWIFT_ACTIVE_COMPILATION_CONDITIONS = DEBUG;
				SWIFT_OPTIMIZATION_LEVEL = "-Onone";
			};
			name = Debug;
		};
		EC639E712612EDA600B9CD57 /* Release */ = {
			isa = XCBuildConfiguration;
			buildSettings = {
				ALWAYS_SEARCH_USER_PATHS = NO;
				CLANG_ANALYZER_NONNULL = YES;
				CLANG_ANALYZER_NUMBER_OBJECT_CONVERSION = YES_AGGRESSIVE;
				CLANG_CXX_LANGUAGE_STANDARD = "gnu++14";
				CLANG_CXX_LIBRARY = "libc++";
				CLANG_ENABLE_MODULES = YES;
				CLANG_ENABLE_OBJC_ARC = YES;
				CLANG_ENABLE_OBJC_WEAK = YES;
				CLANG_WARN_BLOCK_CAPTURE_AUTORELEASING = YES;
				CLANG_WARN_BOOL_CONVERSION = YES;
				CLANG_WARN_COMMA = YES;
				CLANG_WARN_CONSTANT_CONVERSION = YES;
				CLANG_WARN_DEPRECATED_OBJC_IMPLEMENTATIONS = YES;
				CLANG_WARN_DIRECT_OBJC_ISA_USAGE = YES_ERROR;
				CLANG_WARN_DOCUMENTATION_COMMENTS = YES;
				CLANG_WARN_EMPTY_BODY = YES;
				CLANG_WARN_ENUM_CONVERSION = YES;
				CLANG_WARN_INFINITE_RECURSION = YES;
				CLANG_WARN_INT_CONVERSION = YES;
				CLANG_WARN_NON_LITERAL_NULL_CONVERSION = YES;
				CLANG_WARN_OBJC_IMPLICIT_RETAIN_SELF = YES;
				CLANG_WARN_OBJC_LITERAL_CONVERSION = YES;
				CLANG_WARN_OBJC_ROOT_CLASS = YES_ERROR;
				CLANG_WARN_QUOTED_INCLUDE_IN_FRAMEWORK_HEADER = YES;
				CLANG_WARN_RANGE_LOOP_ANALYSIS = YES;
				CLANG_WARN_STRICT_PROTOTYPES = YES;
				CLANG_WARN_SUSPICIOUS_MOVE = YES;
				CLANG_WARN_UNGUARDED_AVAILABILITY = YES_AGGRESSIVE;
				CLANG_WARN_UNREACHABLE_CODE = YES;
				CLANG_WARN__DUPLICATE_METHOD_MATCH = YES;
				COPY_PHASE_STRIP = NO;
				DEBUG_INFORMATION_FORMAT = "dwarf-with-dsym";
				ENABLE_NS_ASSERTIONS = NO;
				ENABLE_STRICT_OBJC_MSGSEND = YES;
				GCC_C_LANGUAGE_STANDARD = gnu11;
				GCC_NO_COMMON_BLOCKS = YES;
				GCC_WARN_64_TO_32_BIT_CONVERSION = YES;
				GCC_WARN_ABOUT_RETURN_TYPE = YES_ERROR;
				GCC_WARN_UNDECLARED_SELECTOR = YES;
				GCC_WARN_UNINITIALIZED_AUTOS = YES_AGGRESSIVE;
				GCC_WARN_UNUSED_FUNCTION = YES;
				GCC_WARN_UNUSED_VARIABLE = YES;
				IPHONEOS_DEPLOYMENT_TARGET = 14.4;
				MTL_ENABLE_DEBUG_INFO = NO;
				MTL_FAST_MATH = YES;
				SDKROOT = iphoneos;
				SWIFT_COMPILATION_MODE = wholemodule;
				SWIFT_OPTIMIZATION_LEVEL = "-O";
				VALIDATE_PRODUCT = YES;
			};
			name = Release;
		};
		EC639E732612EDA600B9CD57 /* Debug */ = {
			isa = XCBuildConfiguration;
			buildSettings = {
				ASSETCATALOG_COMPILER_APPICON_NAME = AppIcon;
				ASSETCATALOG_COMPILER_GLOBAL_ACCENT_COLOR_NAME = AccentColor;
				CODE_SIGN_STYLE = Automatic;
				DEVELOPMENT_ASSET_PATHS = "\"FlagGenerator/Preview Content\"";
				DEVELOPMENT_TEAM = 2T3LUD4AA9;
				ENABLE_PREVIEWS = YES;
				INFOPLIST_FILE = FlagGenerator/Info.plist;
				IPHONEOS_DEPLOYMENT_TARGET = 14.0;
				LD_RUNPATH_SEARCH_PATHS = (
					"$(inherited)",
					"@executable_path/Frameworks",
				);
				PRODUCT_BUNDLE_IDENTIFIER = com.corbu.sergiu.FlagGenerator;
				PRODUCT_NAME = "$(TARGET_NAME)";
				SWIFT_VERSION = 5.0;
				TARGETED_DEVICE_FAMILY = "1,2";
			};
			name = Debug;
		};
		EC639E742612EDA600B9CD57 /* Release */ = {
			isa = XCBuildConfiguration;
			buildSettings = {
				ASSETCATALOG_COMPILER_APPICON_NAME = AppIcon;
				ASSETCATALOG_COMPILER_GLOBAL_ACCENT_COLOR_NAME = AccentColor;
				CODE_SIGN_STYLE = Automatic;
				DEVELOPMENT_ASSET_PATHS = "\"FlagGenerator/Preview Content\"";
				DEVELOPMENT_TEAM = 2T3LUD4AA9;
				ENABLE_PREVIEWS = YES;
				INFOPLIST_FILE = FlagGenerator/Info.plist;
				IPHONEOS_DEPLOYMENT_TARGET = 14.0;
				LD_RUNPATH_SEARCH_PATHS = (
					"$(inherited)",
					"@executable_path/Frameworks",
				);
				PRODUCT_BUNDLE_IDENTIFIER = com.corbu.sergiu.FlagGenerator;
				PRODUCT_NAME = "$(TARGET_NAME)";
				SWIFT_VERSION = 5.0;
				TARGETED_DEVICE_FAMILY = "1,2";
			};
			name = Release;
		};
/* End XCBuildConfiguration section */

/* Begin XCConfigurationList section */
		EC639E5E2612EDA300B9CD57 /* Build configuration list for PBXProject "FlagGenerator" */ = {
			isa = XCConfigurationList;
			buildConfigurations = (
				EC639E702612EDA600B9CD57 /* Debug */,
				EC639E712612EDA600B9CD57 /* Release */,
			);
			defaultConfigurationIsVisible = 0;
			defaultConfigurationName = Release;
		};
		EC639E722612EDA600B9CD57 /* Build configuration list for PBXNativeTarget "FlagGenerator" */ = {
			isa = XCConfigurationList;
			buildConfigurations = (
				EC639E732612EDA600B9CD57 /* Debug */,
				EC639E742612EDA600B9CD57 /* Release */,
			);
			defaultConfigurationIsVisible = 0;
			defaultConfigurationName = Release;
		};
/* End XCConfigurationList section */
	};
	rootObject = EC639E5B2612EDA300B9CD57 /* Project object */;
}
